// !$*UTF8*$!
{
	archiveVersion = 1;
	classes = {
	};
	objectVersion = 56;
	objects = {

/* Begin PBXBuildFile section */
		104EB1562B1738EE006591A3 /* AppDelegate.swift in Sources */ = {isa = PBXBuildFile; fileRef = 104EB1552B1738EE006591A3 /* AppDelegate.swift */; };
		104EB1582B1738EE006591A3 /* SceneDelegate.swift in Sources */ = {isa = PBXBuildFile; fileRef = 104EB1572B1738EE006591A3 /* SceneDelegate.swift */; };
		104EB15F2B1738EF006591A3 /* Assets.xcassets in Resources */ = {isa = PBXBuildFile; fileRef = 104EB15E2B1738EF006591A3 /* Assets.xcassets */; };
		104EB1622B1738EF006591A3 /* LaunchScreen.storyboard in Resources */ = {isa = PBXBuildFile; fileRef = 104EB1602B1738EF006591A3 /* LaunchScreen.storyboard */; };
		104EB1742B173BF9006591A3 /* AirQualityViewController.swift in Sources */ = {isa = PBXBuildFile; fileRef = 104EB1732B173BF9006591A3 /* AirQualityViewController.swift */; };
		104EB1762B173C59006591A3 /* WeatherViewController.swift in Sources */ = {isa = PBXBuildFile; fileRef = 104EB1752B173C59006591A3 /* WeatherViewController.swift */; };
		104EB1782B173C75006591A3 /* SpeciesViewController.swift in Sources */ = {isa = PBXBuildFile; fileRef = 104EB1772B173C75006591A3 /* SpeciesViewController.swift */; };
		104EB17A2B173D3E006591A3 /* SolarResourcesViewController.swift in Sources */ = {isa = PBXBuildFile; fileRef = 104EB1792B173D3E006591A3 /* SolarResourcesViewController.swift */; };
		104EB17C2B173D5C006591A3 /* PopulationViewController.swift in Sources */ = {isa = PBXBuildFile; fileRef = 104EB17B2B173D5C006591A3 /* PopulationViewController.swift */; };
		104EB17E2B173F21006591A3 /* TabBarController.swift in Sources */ = {isa = PBXBuildFile; fileRef = 104EB17D2B173F21006591A3 /* TabBarController.swift */; };
		104EB1802B174595006591A3 /* UIColor.swift in Sources */ = {isa = PBXBuildFile; fileRef = 104EB17F2B174595006591A3 /* UIColor.swift */; };
		104EB1832B174FF6006591A3 /* NetworkManager in Frameworks */ = {isa = PBXBuildFile; productRef = 104EB1822B174FF6006591A3 /* NetworkManager */; };
		10AC72182B18743100453851 /* SpeciesViewModel.swift in Sources */ = {isa = PBXBuildFile; fileRef = 10AC72172B18743100453851 /* SpeciesViewModel.swift */; };
		10AC721A2B18762300453851 /* SpeciesCity.swift in Sources */ = {isa = PBXBuildFile; fileRef = 10AC72192B18762300453851 /* SpeciesCity.swift */; };
		10AC721D2B1891C100453851 /* SpeciesDetailsViewController.swift in Sources */ = {isa = PBXBuildFile; fileRef = 10AC721C2B1891C100453851 /* SpeciesDetailsViewController.swift */; };
		10AC721F2B18923A00453851 /* SpeciesDetails.swift in Sources */ = {isa = PBXBuildFile; fileRef = 10AC721E2B18923A00453851 /* SpeciesDetails.swift */; };
		10AC72222B18A33F00453851 /* SpeciesDetailsTableViewCell.swift in Sources */ = {isa = PBXBuildFile; fileRef = 10AC72212B18A33F00453851 /* SpeciesDetailsTableViewCell.swift */; };
		10AC72242B18C34000453851 /* SpeciesDetailsViewModel.swift in Sources */ = {isa = PBXBuildFile; fileRef = 10AC72232B18C34000453851 /* SpeciesDetailsViewModel.swift */; };
		10AC72262B18E37400453851 /* SpeciesDetailsTableViewCellViewModel.swift in Sources */ = {isa = PBXBuildFile; fileRef = 10AC72252B18E37400453851 /* SpeciesDetailsTableViewCellViewModel.swift */; };
		88C9AC182B17C3D7007CF170 /* CustomTextField.swift in Sources */ = {isa = PBXBuildFile; fileRef = 88C9AC172B17C3D6007CF170 /* CustomTextField.swift */; };
		88C9AC1A2B1860F2007CF170 /* WeatherModel.swift in Sources */ = {isa = PBXBuildFile; fileRef = 88C9AC192B1860F2007CF170 /* WeatherModel.swift */; };
		88C9AC1C2B18610A007CF170 /* WeatherDataModel.swift in Sources */ = {isa = PBXBuildFile; fileRef = 88C9AC1B2B18610A007CF170 /* WeatherDataModel.swift */; };
		88C9AC1E2B186178007CF170 /* WeatherMainModel.swift in Sources */ = {isa = PBXBuildFile; fileRef = 88C9AC1D2B186178007CF170 /* WeatherMainModel.swift */; };
		88C9AC222B1861CF007CF170 /* WeatherViewModel.swift in Sources */ = {isa = PBXBuildFile; fileRef = 88C9AC212B1861CF007CF170 /* WeatherViewModel.swift */; };
		EEAC2B1A2B19701600D74385 /* AirQualityDetailsViewModel.swift in Sources */ = {isa = PBXBuildFile; fileRef = EEAC2B192B19701600D74385 /* AirQualityDetailsViewModel.swift */; };
		EEB7EE172B1912BF00EEF557 /* AirQualityDetailsViewController.swift in Sources */ = {isa = PBXBuildFile; fileRef = EEB7EE162B1912BF00EEF557 /* AirQualityDetailsViewController.swift */; };
		EEB7EE192B1912F400EEF557 /* AirQualityModel.swift in Sources */ = {isa = PBXBuildFile; fileRef = EEB7EE182B1912F400EEF557 /* AirQualityModel.swift */; };
		EEB7EE1B2B19130900EEF557 /* AirQualityViewModel.swift in Sources */ = {isa = PBXBuildFile; fileRef = EEB7EE1A2B19130900EEF557 /* AirQualityViewModel.swift */; };
/* End PBXBuildFile section */

/* Begin PBXFileReference section */
		104EB1522B1738EE006591A3 /* EcoTracker.app */ = {isa = PBXFileReference; explicitFileType = wrapper.application; includeInIndex = 0; path = EcoTracker.app; sourceTree = BUILT_PRODUCTS_DIR; };
		104EB1552B1738EE006591A3 /* AppDelegate.swift */ = {isa = PBXFileReference; lastKnownFileType = sourcecode.swift; path = AppDelegate.swift; sourceTree = "<group>"; };
		104EB1572B1738EE006591A3 /* SceneDelegate.swift */ = {isa = PBXFileReference; lastKnownFileType = sourcecode.swift; path = SceneDelegate.swift; sourceTree = "<group>"; };
		104EB15E2B1738EF006591A3 /* Assets.xcassets */ = {isa = PBXFileReference; lastKnownFileType = folder.assetcatalog; path = Assets.xcassets; sourceTree = "<group>"; };
		104EB1612B1738EF006591A3 /* Base */ = {isa = PBXFileReference; lastKnownFileType = file.storyboard; name = Base; path = Base.lproj/LaunchScreen.storyboard; sourceTree = "<group>"; };
		104EB1632B1738EF006591A3 /* Info.plist */ = {isa = PBXFileReference; lastKnownFileType = text.plist.xml; path = Info.plist; sourceTree = "<group>"; };
		104EB1732B173BF9006591A3 /* AirQualityViewController.swift */ = {isa = PBXFileReference; lastKnownFileType = sourcecode.swift; path = AirQualityViewController.swift; sourceTree = "<group>"; };
		104EB1752B173C59006591A3 /* WeatherViewController.swift */ = {isa = PBXFileReference; lastKnownFileType = sourcecode.swift; path = WeatherViewController.swift; sourceTree = "<group>"; };
		104EB1772B173C75006591A3 /* SpeciesViewController.swift */ = {isa = PBXFileReference; lastKnownFileType = sourcecode.swift; path = SpeciesViewController.swift; sourceTree = "<group>"; };
		104EB1792B173D3E006591A3 /* SolarResourcesViewController.swift */ = {isa = PBXFileReference; lastKnownFileType = sourcecode.swift; path = SolarResourcesViewController.swift; sourceTree = "<group>"; };
		104EB17B2B173D5C006591A3 /* PopulationViewController.swift */ = {isa = PBXFileReference; lastKnownFileType = sourcecode.swift; path = PopulationViewController.swift; sourceTree = "<group>"; };
		104EB17D2B173F21006591A3 /* TabBarController.swift */ = {isa = PBXFileReference; lastKnownFileType = sourcecode.swift; path = TabBarController.swift; sourceTree = "<group>"; };
		104EB17F2B174595006591A3 /* UIColor.swift */ = {isa = PBXFileReference; lastKnownFileType = sourcecode.swift; path = UIColor.swift; sourceTree = "<group>"; };
		10AC72172B18743100453851 /* SpeciesViewModel.swift */ = {isa = PBXFileReference; lastKnownFileType = sourcecode.swift; path = SpeciesViewModel.swift; sourceTree = "<group>"; };
		10AC72192B18762300453851 /* SpeciesCity.swift */ = {isa = PBXFileReference; lastKnownFileType = sourcecode.swift; path = SpeciesCity.swift; sourceTree = "<group>"; };
		10AC721C2B1891C100453851 /* SpeciesDetailsViewController.swift */ = {isa = PBXFileReference; lastKnownFileType = sourcecode.swift; path = SpeciesDetailsViewController.swift; sourceTree = "<group>"; };
		10AC721E2B18923A00453851 /* SpeciesDetails.swift */ = {isa = PBXFileReference; lastKnownFileType = sourcecode.swift; path = SpeciesDetails.swift; sourceTree = "<group>"; };
		10AC72212B18A33F00453851 /* SpeciesDetailsTableViewCell.swift */ = {isa = PBXFileReference; lastKnownFileType = sourcecode.swift; path = SpeciesDetailsTableViewCell.swift; sourceTree = "<group>"; };
		10AC72232B18C34000453851 /* SpeciesDetailsViewModel.swift */ = {isa = PBXFileReference; lastKnownFileType = sourcecode.swift; path = SpeciesDetailsViewModel.swift; sourceTree = "<group>"; };
		10AC72252B18E37400453851 /* SpeciesDetailsTableViewCellViewModel.swift */ = {isa = PBXFileReference; lastKnownFileType = sourcecode.swift; path = SpeciesDetailsTableViewCellViewModel.swift; sourceTree = "<group>"; };
		88C9AC172B17C3D6007CF170 /* CustomTextField.swift */ = {isa = PBXFileReference; lastKnownFileType = sourcecode.swift; path = CustomTextField.swift; sourceTree = "<group>"; };
		88C9AC192B1860F2007CF170 /* WeatherModel.swift */ = {isa = PBXFileReference; lastKnownFileType = sourcecode.swift; name = WeatherModel.swift; path = EcoTracker/Scenes/Custom/WeatherModel.swift; sourceTree = SOURCE_ROOT; };
		88C9AC1B2B18610A007CF170 /* WeatherDataModel.swift */ = {isa = PBXFileReference; lastKnownFileType = sourcecode.swift; name = WeatherDataModel.swift; path = EcoTracker/Scenes/Custom/WeatherDataModel.swift; sourceTree = SOURCE_ROOT; };
		88C9AC1D2B186178007CF170 /* WeatherMainModel.swift */ = {isa = PBXFileReference; lastKnownFileType = sourcecode.swift; name = WeatherMainModel.swift; path = EcoTracker/Scenes/Custom/WeatherMainModel.swift; sourceTree = SOURCE_ROOT; };
		88C9AC212B1861CF007CF170 /* WeatherViewModel.swift */ = {isa = PBXFileReference; lastKnownFileType = sourcecode.swift; path = WeatherViewModel.swift; sourceTree = "<group>"; };
		EEAC2B192B19701600D74385 /* AirQualityDetailsViewModel.swift */ = {isa = PBXFileReference; lastKnownFileType = sourcecode.swift; path = AirQualityDetailsViewModel.swift; sourceTree = "<group>"; };
		EEB7EE162B1912BF00EEF557 /* AirQualityDetailsViewController.swift */ = {isa = PBXFileReference; lastKnownFileType = sourcecode.swift; path = AirQualityDetailsViewController.swift; sourceTree = "<group>"; };
		EEB7EE182B1912F400EEF557 /* AirQualityModel.swift */ = {isa = PBXFileReference; lastKnownFileType = sourcecode.swift; name = AirQualityModel.swift; path = EcoTracker/Scenes/AirQuality/AirQualityModel.swift; sourceTree = SOURCE_ROOT; };
		EEB7EE1A2B19130900EEF557 /* AirQualityViewModel.swift */ = {isa = PBXFileReference; lastKnownFileType = sourcecode.swift; path = AirQualityViewModel.swift; sourceTree = "<group>"; };
/* End PBXFileReference section */

/* Begin PBXFrameworksBuildPhase section */
		104EB14F2B1738EE006591A3 /* Frameworks */ = {
			isa = PBXFrameworksBuildPhase;
			buildActionMask = 2147483647;
			files = (
				104EB1832B174FF6006591A3 /* NetworkManager in Frameworks */,
			);
			runOnlyForDeploymentPostprocessing = 0;
		};
/* End PBXFrameworksBuildPhase section */

/* Begin PBXGroup section */
		104EB1492B1738EE006591A3 = {
			isa = PBXGroup;
			children = (
				104EB1542B1738EE006591A3 /* EcoTracker */,
				104EB1532B1738EE006591A3 /* Products */,
			);
			sourceTree = "<group>";
		};
		104EB1532B1738EE006591A3 /* Products */ = {
			isa = PBXGroup;
			children = (
				104EB1522B1738EE006591A3 /* EcoTracker.app */,
			);
			name = Products;
			sourceTree = "<group>";
		};
		104EB1542B1738EE006591A3 /* EcoTracker */ = {
			isa = PBXGroup;
			children = (
				104EB1692B17396B006591A3 /* App */,
				104EB16B2B173A3C006591A3 /* Extensions */,
				104EB16C2B173A44006591A3 /* Models */,
				104EB16A2B173977006591A3 /* Scenes */,
				104EB1842B175780006591A3 /* Resources */,
				104EB1632B1738EF006591A3 /* Info.plist */,
			);
			path = EcoTracker;
			sourceTree = "<group>";
		};
		104EB1692B17396B006591A3 /* App */ = {
			isa = PBXGroup;
			children = (
				104EB1572B1738EE006591A3 /* SceneDelegate.swift */,
				104EB1552B1738EE006591A3 /* AppDelegate.swift */,
			);
			path = App;
			sourceTree = "<group>";
		};
		104EB16A2B173977006591A3 /* Scenes */ = {
			isa = PBXGroup;
			children = (
				88C9AC162B17C3A5007CF170 /* Custom */,
				104EB16D2B173A62006591A3 /* TabBar */,
				104EB16E2B173B17006591A3 /* AirQuality */,
				104EB16F2B173B45006591A3 /* Weather */,
				104EB1702B173B5D006591A3 /* Species */,
				104EB1712B173B73006591A3 /* SolarResources */,
				104EB1722B173B8B006591A3 /* Population */,
			);
			path = Scenes;
			sourceTree = "<group>";
		};
		104EB16B2B173A3C006591A3 /* Extensions */ = {
			isa = PBXGroup;
			children = (
				104EB17F2B174595006591A3 /* UIColor.swift */,
			);
			path = Extensions;
			sourceTree = "<group>";
		};
		104EB16C2B173A44006591A3 /* Models */ = {
			isa = PBXGroup;
			children = (
				10AC72192B18762300453851 /* SpeciesCity.swift */,
				10AC721E2B18923A00453851 /* SpeciesDetails.swift */,
				88C9AC192B1860F2007CF170 /* WeatherModel.swift */,
				88C9AC1B2B18610A007CF170 /* WeatherDataModel.swift */,
				88C9AC1D2B186178007CF170 /* WeatherMainModel.swift */,
				EEB7EE182B1912F400EEF557 /* AirQualityModel.swift */,
			);
			path = Models;
			sourceTree = "<group>";
		};
		104EB16D2B173A62006591A3 /* TabBar */ = {
			isa = PBXGroup;
			children = (
				104EB17D2B173F21006591A3 /* TabBarController.swift */,
			);
			path = TabBar;
			sourceTree = "<group>";
		};
		104EB16E2B173B17006591A3 /* AirQuality */ = {
			isa = PBXGroup;
			children = (
				104EB1732B173BF9006591A3 /* AirQualityViewController.swift */,
				EEB7EE1A2B19130900EEF557 /* AirQualityViewModel.swift */,
				EEB7EE1C2B19132C00EEF557 /* Details */,
			);
			path = AirQuality;
			sourceTree = "<group>";
		};
		104EB16F2B173B45006591A3 /* Weather */ = {
			isa = PBXGroup;
			children = (
				104EB1752B173C59006591A3 /* WeatherViewController.swift */,
				88C9AC212B1861CF007CF170 /* WeatherViewModel.swift */,
			);
			path = Weather;
			sourceTree = "<group>";
		};
		104EB1702B173B5D006591A3 /* Species */ = {
			isa = PBXGroup;
			children = (
				10AC721B2B18916600453851 /* TableView */,
				104EB1772B173C75006591A3 /* SpeciesViewController.swift */,
				10AC72172B18743100453851 /* SpeciesViewModel.swift */,
			);
			path = Species;
			sourceTree = "<group>";
		};
		104EB1712B173B73006591A3 /* SolarResources */ = {
			isa = PBXGroup;
			children = (
				104EB1792B173D3E006591A3 /* SolarResourcesViewController.swift */,
			);
			path = SolarResources;
			sourceTree = "<group>";
		};
		104EB1722B173B8B006591A3 /* Population */ = {
			isa = PBXGroup;
			children = (
				104EB17B2B173D5C006591A3 /* PopulationViewController.swift */,
			);
			path = Population;
			sourceTree = "<group>";
		};
		104EB1842B175780006591A3 /* Resources */ = {
			isa = PBXGroup;
			children = (
				104EB1602B1738EF006591A3 /* LaunchScreen.storyboard */,
				104EB15E2B1738EF006591A3 /* Assets.xcassets */,
			);
			path = Resources;
			sourceTree = "<group>";
		};
		10AC721B2B18916600453851 /* TableView */ = {
			isa = PBXGroup;
			children = (
				10AC72202B18A30C00453851 /* TableViewCell */,
				10AC721C2B1891C100453851 /* SpeciesDetailsViewController.swift */,
				10AC72232B18C34000453851 /* SpeciesDetailsViewModel.swift */,
			);
			path = TableView;
			sourceTree = "<group>";
		};
		10AC72202B18A30C00453851 /* TableViewCell */ = {
			isa = PBXGroup;
			children = (
				10AC72212B18A33F00453851 /* SpeciesDetailsTableViewCell.swift */,
				10AC72252B18E37400453851 /* SpeciesDetailsTableViewCellViewModel.swift */,
			);
			path = TableViewCell;
            sourceTree = "<group>";
        };
		88C9AC162B17C3A5007CF170 /* Custom */ = {
			isa = PBXGroup;
			children = (
				88C9AC172B17C3D6007CF170 /* CustomTextField.swift */,
			);
			path = Custom;
			sourceTree = "<group>";
		};
		EEB7EE1C2B19132C00EEF557 /* Details */ = {
			isa = PBXGroup;
			children = (
				EEB7EE162B1912BF00EEF557 /* AirQualityDetailsViewController.swift */,
				EEAC2B192B19701600D74385 /* AirQualityDetailsViewModel.swift */,
			);
			path = Details;
			sourceTree = "<group>";
		};
/* End PBXGroup section */

/* Begin PBXNativeTarget section */
		104EB1512B1738EE006591A3 /* EcoTracker */ = {
			isa = PBXNativeTarget;
			buildConfigurationList = 104EB1662B1738EF006591A3 /* Build configuration list for PBXNativeTarget "EcoTracker" */;
			buildPhases = (
				104EB14E2B1738EE006591A3 /* Sources */,
				104EB14F2B1738EE006591A3 /* Frameworks */,
				104EB1502B1738EE006591A3 /* Resources */,
			);
			buildRules = (
			);
			dependencies = (
			);
			name = EcoTracker;
			packageProductDependencies = (
				104EB1822B174FF6006591A3 /* NetworkManager */,
			);
			productName = EcoTracker;
			productReference = 104EB1522B1738EE006591A3 /* EcoTracker.app */;
			productType = "com.apple.product-type.application";
		};
/* End PBXNativeTarget section */

/* Begin PBXProject section */
		104EB14A2B1738EE006591A3 /* Project object */ = {
			isa = PBXProject;
			attributes = {
				BuildIndependentTargetsInParallel = 1;
				LastSwiftUpdateCheck = 1500;
				LastUpgradeCheck = 1500;
				TargetAttributes = {
					104EB1512B1738EE006591A3 = {
						CreatedOnToolsVersion = 15.0.1;
					};
				};
			};
			buildConfigurationList = 104EB14D2B1738EE006591A3 /* Build configuration list for PBXProject "EcoTracker" */;
			compatibilityVersion = "Xcode 14.0";
			developmentRegion = en;
			hasScannedForEncodings = 0;
			knownRegions = (
				en,
				Base,
			);
			mainGroup = 104EB1492B1738EE006591A3;
			packageReferences = (
				104EB1812B174FF6006591A3 /* XCRemoteSwiftPackageReference "NetworkManager" */,
			);
			productRefGroup = 104EB1532B1738EE006591A3 /* Products */;
			projectDirPath = "";
			projectRoot = "";
			targets = (
				104EB1512B1738EE006591A3 /* EcoTracker */,
			);
		};
/* End PBXProject section */

/* Begin PBXResourcesBuildPhase section */
		104EB1502B1738EE006591A3 /* Resources */ = {
			isa = PBXResourcesBuildPhase;
			buildActionMask = 2147483647;
			files = (
				104EB1622B1738EF006591A3 /* LaunchScreen.storyboard in Resources */,
				104EB15F2B1738EF006591A3 /* Assets.xcassets in Resources */,
			);
			runOnlyForDeploymentPostprocessing = 0;
		};
/* End PBXResourcesBuildPhase section */

/* Begin PBXSourcesBuildPhase section */
		104EB14E2B1738EE006591A3 /* Sources */ = {
			isa = PBXSourcesBuildPhase;
			buildActionMask = 2147483647;
			files = (
				10AC721A2B18762300453851 /* SpeciesCity.swift in Sources */,
				10AC72242B18C34000453851 /* SpeciesDetailsViewModel.swift in Sources */,
				10AC721F2B18923A00453851 /* SpeciesDetails.swift in Sources */,
				104EB17A2B173D3E006591A3 /* SolarResourcesViewController.swift in Sources */,
				EEB7EE192B1912F400EEF557 /* AirQualityModel.swift in Sources */,
				104EB1762B173C59006591A3 /* WeatherViewController.swift in Sources */,
				88C9AC1E2B186178007CF170 /* WeatherMainModel.swift in Sources */,
				88C9AC222B1861CF007CF170 /* WeatherViewModel.swift in Sources */,
				104EB17E2B173F21006591A3 /* TabBarController.swift in Sources */,
				10AC72262B18E37400453851 /* SpeciesDetailsTableViewCellViewModel.swift in Sources */,
				104EB17C2B173D5C006591A3 /* PopulationViewController.swift in Sources */,
				88C9AC182B17C3D7007CF170 /* CustomTextField.swift in Sources */,
				EEAC2B1A2B19701600D74385 /* AirQualityDetailsViewModel.swift in Sources */,
				104EB1742B173BF9006591A3 /* AirQualityViewController.swift in Sources */,
				10AC72182B18743100453851 /* SpeciesViewModel.swift in Sources */,
				104EB1562B1738EE006591A3 /* AppDelegate.swift in Sources */,
				EEB7EE172B1912BF00EEF557 /* AirQualityDetailsViewController.swift in Sources */,
				104EB1582B1738EE006591A3 /* SceneDelegate.swift in Sources */,
				88C9AC1C2B18610A007CF170 /* WeatherDataModel.swift in Sources */,
				EEB7EE1B2B19130900EEF557 /* AirQualityViewModel.swift in Sources */,
				104EB1782B173C75006591A3 /* SpeciesViewController.swift in Sources */,
				10AC72222B18A33F00453851 /* SpeciesDetailsTableViewCell.swift in Sources */,
				10AC721D2B1891C100453851 /* SpeciesDetailsViewController.swift in Sources */,
				104EB1802B174595006591A3 /* UIColor.swift in Sources */,
				88C9AC1A2B1860F2007CF170 /* WeatherModel.swift in Sources */,
			);
			runOnlyForDeploymentPostprocessing = 0;
		};
/* End PBXSourcesBuildPhase section */

/* Begin PBXVariantGroup section */
		104EB1602B1738EF006591A3 /* LaunchScreen.storyboard */ = {
			isa = PBXVariantGroup;
			children = (
				104EB1612B1738EF006591A3 /* Base */,
			);
			name = LaunchScreen.storyboard;
			sourceTree = "<group>";
		};
/* End PBXVariantGroup section */

/* Begin XCBuildConfiguration section */
		104EB1642B1738EF006591A3 /* Debug */ = {
			isa = XCBuildConfiguration;
			buildSettings = {
				ALWAYS_SEARCH_USER_PATHS = NO;
				ASSETCATALOG_COMPILER_GENERATE_SWIFT_ASSET_SYMBOL_EXTENSIONS = YES;
				CLANG_ANALYZER_NONNULL = YES;
				CLANG_ANALYZER_NUMBER_OBJECT_CONVERSION = YES_AGGRESSIVE;
				CLANG_CXX_LANGUAGE_STANDARD = "gnu++20";
				CLANG_ENABLE_MODULES = YES;
				CLANG_ENABLE_OBJC_ARC = YES;
				CLANG_ENABLE_OBJC_WEAK = YES;
				CLANG_WARN_BLOCK_CAPTURE_AUTORELEASING = YES;
				CLANG_WARN_BOOL_CONVERSION = YES;
				CLANG_WARN_COMMA = YES;
				CLANG_WARN_CONSTANT_CONVERSION = YES;
				CLANG_WARN_DEPRECATED_OBJC_IMPLEMENTATIONS = YES;
				CLANG_WARN_DIRECT_OBJC_ISA_USAGE = YES_ERROR;
				CLANG_WARN_DOCUMENTATION_COMMENTS = YES;
				CLANG_WARN_EMPTY_BODY = YES;
				CLANG_WARN_ENUM_CONVERSION = YES;
				CLANG_WARN_INFINITE_RECURSION = YES;
				CLANG_WARN_INT_CONVERSION = YES;
				CLANG_WARN_NON_LITERAL_NULL_CONVERSION = YES;
				CLANG_WARN_OBJC_IMPLICIT_RETAIN_SELF = YES;
				CLANG_WARN_OBJC_LITERAL_CONVERSION = YES;
				CLANG_WARN_OBJC_ROOT_CLASS = YES_ERROR;
				CLANG_WARN_QUOTED_INCLUDE_IN_FRAMEWORK_HEADER = YES;
				CLANG_WARN_RANGE_LOOP_ANALYSIS = YES;
				CLANG_WARN_STRICT_PROTOTYPES = YES;
				CLANG_WARN_SUSPICIOUS_MOVE = YES;
				CLANG_WARN_UNGUARDED_AVAILABILITY = YES_AGGRESSIVE;
				CLANG_WARN_UNREACHABLE_CODE = YES;
				CLANG_WARN__DUPLICATE_METHOD_MATCH = YES;
				COPY_PHASE_STRIP = NO;
				DEBUG_INFORMATION_FORMAT = dwarf;
				ENABLE_STRICT_OBJC_MSGSEND = YES;
				ENABLE_TESTABILITY = YES;
				ENABLE_USER_SCRIPT_SANDBOXING = YES;
				GCC_C_LANGUAGE_STANDARD = gnu17;
				GCC_DYNAMIC_NO_PIC = NO;
				GCC_NO_COMMON_BLOCKS = YES;
				GCC_OPTIMIZATION_LEVEL = 0;
				GCC_PREPROCESSOR_DEFINITIONS = (
					"DEBUG=1",
					"$(inherited)",
				);
				GCC_WARN_64_TO_32_BIT_CONVERSION = YES;
				GCC_WARN_ABOUT_RETURN_TYPE = YES_ERROR;
				GCC_WARN_UNDECLARED_SELECTOR = YES;
				GCC_WARN_UNINITIALIZED_AUTOS = YES_AGGRESSIVE;
				GCC_WARN_UNUSED_FUNCTION = YES;
				GCC_WARN_UNUSED_VARIABLE = YES;
				IPHONEOS_DEPLOYMENT_TARGET = 17.0;
				LOCALIZATION_PREFERS_STRING_CATALOGS = YES;
				MTL_ENABLE_DEBUG_INFO = INCLUDE_SOURCE;
				MTL_FAST_MATH = YES;
				ONLY_ACTIVE_ARCH = YES;
				SDKROOT = iphoneos;
				SWIFT_ACTIVE_COMPILATION_CONDITIONS = "DEBUG $(inherited)";
				SWIFT_OPTIMIZATION_LEVEL = "-Onone";
			};
			name = Debug;
		};
		104EB1652B1738EF006591A3 /* Release */ = {
			isa = XCBuildConfiguration;
			buildSettings = {
				ALWAYS_SEARCH_USER_PATHS = NO;
				ASSETCATALOG_COMPILER_GENERATE_SWIFT_ASSET_SYMBOL_EXTENSIONS = YES;
				CLANG_ANALYZER_NONNULL = YES;
				CLANG_ANALYZER_NUMBER_OBJECT_CONVERSION = YES_AGGRESSIVE;
				CLANG_CXX_LANGUAGE_STANDARD = "gnu++20";
				CLANG_ENABLE_MODULES = YES;
				CLANG_ENABLE_OBJC_ARC = YES;
				CLANG_ENABLE_OBJC_WEAK = YES;
				CLANG_WARN_BLOCK_CAPTURE_AUTORELEASING = YES;
				CLANG_WARN_BOOL_CONVERSION = YES;
				CLANG_WARN_COMMA = YES;
				CLANG_WARN_CONSTANT_CONVERSION = YES;
				CLANG_WARN_DEPRECATED_OBJC_IMPLEMENTATIONS = YES;
				CLANG_WARN_DIRECT_OBJC_ISA_USAGE = YES_ERROR;
				CLANG_WARN_DOCUMENTATION_COMMENTS = YES;
				CLANG_WARN_EMPTY_BODY = YES;
				CLANG_WARN_ENUM_CONVERSION = YES;
				CLANG_WARN_INFINITE_RECURSION = YES;
				CLANG_WARN_INT_CONVERSION = YES;
				CLANG_WARN_NON_LITERAL_NULL_CONVERSION = YES;
				CLANG_WARN_OBJC_IMPLICIT_RETAIN_SELF = YES;
				CLANG_WARN_OBJC_LITERAL_CONVERSION = YES;
				CLANG_WARN_OBJC_ROOT_CLASS = YES_ERROR;
				CLANG_WARN_QUOTED_INCLUDE_IN_FRAMEWORK_HEADER = YES;
				CLANG_WARN_RANGE_LOOP_ANALYSIS = YES;
				CLANG_WARN_STRICT_PROTOTYPES = YES;
				CLANG_WARN_SUSPICIOUS_MOVE = YES;
				CLANG_WARN_UNGUARDED_AVAILABILITY = YES_AGGRESSIVE;
				CLANG_WARN_UNREACHABLE_CODE = YES;
				CLANG_WARN__DUPLICATE_METHOD_MATCH = YES;
				COPY_PHASE_STRIP = NO;
				DEBUG_INFORMATION_FORMAT = "dwarf-with-dsym";
				ENABLE_NS_ASSERTIONS = NO;
				ENABLE_STRICT_OBJC_MSGSEND = YES;
				ENABLE_USER_SCRIPT_SANDBOXING = YES;
				GCC_C_LANGUAGE_STANDARD = gnu17;
				GCC_NO_COMMON_BLOCKS = YES;
				GCC_WARN_64_TO_32_BIT_CONVERSION = YES;
				GCC_WARN_ABOUT_RETURN_TYPE = YES_ERROR;
				GCC_WARN_UNDECLARED_SELECTOR = YES;
				GCC_WARN_UNINITIALIZED_AUTOS = YES_AGGRESSIVE;
				GCC_WARN_UNUSED_FUNCTION = YES;
				GCC_WARN_UNUSED_VARIABLE = YES;
				IPHONEOS_DEPLOYMENT_TARGET = 17.0;
				LOCALIZATION_PREFERS_STRING_CATALOGS = YES;
				MTL_ENABLE_DEBUG_INFO = NO;
				MTL_FAST_MATH = YES;
				SDKROOT = iphoneos;
				SWIFT_COMPILATION_MODE = wholemodule;
				VALIDATE_PRODUCT = YES;
			};
			name = Release;
		};
		104EB1672B1738EF006591A3 /* Debug */ = {
			isa = XCBuildConfiguration;
			buildSettings = {
				ASSETCATALOG_COMPILER_APPICON_NAME = AppIcon;
				ASSETCATALOG_COMPILER_GLOBAL_ACCENT_COLOR_NAME = AccentColor;
				CODE_SIGN_STYLE = Automatic;
				CURRENT_PROJECT_VERSION = 1;
				DEVELOPMENT_TEAM = 87CWSKX54K;
				GENERATE_INFOPLIST_FILE = YES;
				INFOPLIST_FILE = EcoTracker/Info.plist;
				INFOPLIST_KEY_UIApplicationSupportsIndirectInputEvents = YES;
				INFOPLIST_KEY_UILaunchStoryboardName = LaunchScreen;
				INFOPLIST_KEY_UIMainStoryboardFile = "";
				INFOPLIST_KEY_UISupportedInterfaceOrientations_iPad = "UIInterfaceOrientationPortrait UIInterfaceOrientationPortraitUpsideDown UIInterfaceOrientationLandscapeLeft UIInterfaceOrientationLandscapeRight";
				INFOPLIST_KEY_UISupportedInterfaceOrientations_iPhone = "UIInterfaceOrientationPortrait UIInterfaceOrientationLandscapeLeft UIInterfaceOrientationLandscapeRight";
				LD_RUNPATH_SEARCH_PATHS = (
					"$(inherited)",
					"@executable_path/Frameworks",
				);
				MARKETING_VERSION = 1.0;
				PRODUCT_BUNDLE_IDENTIFIER = com.andria.EcoTracker;
				PRODUCT_NAME = "$(TARGET_NAME)";
				SWIFT_EMIT_LOC_STRINGS = YES;
				SWIFT_VERSION = 5.0;
				TARGETED_DEVICE_FAMILY = "1,2";
			};
			name = Debug;
		};
		104EB1682B1738EF006591A3 /* Release */ = {
			isa = XCBuildConfiguration;
			buildSettings = {
				ASSETCATALOG_COMPILER_APPICON_NAME = AppIcon;
				ASSETCATALOG_COMPILER_GLOBAL_ACCENT_COLOR_NAME = AccentColor;
				CODE_SIGN_STYLE = Automatic;
				CURRENT_PROJECT_VERSION = 1;
				DEVELOPMENT_TEAM = 87CWSKX54K;
				GENERATE_INFOPLIST_FILE = YES;
				INFOPLIST_FILE = EcoTracker/Info.plist;
				INFOPLIST_KEY_UIApplicationSupportsIndirectInputEvents = YES;
				INFOPLIST_KEY_UILaunchStoryboardName = LaunchScreen;
				INFOPLIST_KEY_UIMainStoryboardFile = "";
				INFOPLIST_KEY_UISupportedInterfaceOrientations_iPad = "UIInterfaceOrientationPortrait UIInterfaceOrientationPortraitUpsideDown UIInterfaceOrientationLandscapeLeft UIInterfaceOrientationLandscapeRight";
				INFOPLIST_KEY_UISupportedInterfaceOrientations_iPhone = "UIInterfaceOrientationPortrait UIInterfaceOrientationLandscapeLeft UIInterfaceOrientationLandscapeRight";
				LD_RUNPATH_SEARCH_PATHS = (
					"$(inherited)",
					"@executable_path/Frameworks",
				);
				MARKETING_VERSION = 1.0;
				PRODUCT_BUNDLE_IDENTIFIER = com.andria.EcoTracker;
				PRODUCT_NAME = "$(TARGET_NAME)";
				SWIFT_EMIT_LOC_STRINGS = YES;
				SWIFT_VERSION = 5.0;
				TARGETED_DEVICE_FAMILY = "1,2";
			};
			name = Release;
		};
/* End XCBuildConfiguration section */

/* Begin XCConfigurationList section */
		104EB14D2B1738EE006591A3 /* Build configuration list for PBXProject "EcoTracker" */ = {
			isa = XCConfigurationList;
			buildConfigurations = (
				104EB1642B1738EF006591A3 /* Debug */,
				104EB1652B1738EF006591A3 /* Release */,
			);
			defaultConfigurationIsVisible = 0;
			defaultConfigurationName = Release;
		};
		104EB1662B1738EF006591A3 /* Build configuration list for PBXNativeTarget "EcoTracker" */ = {
			isa = XCConfigurationList;
			buildConfigurations = (
				104EB1672B1738EF006591A3 /* Debug */,
				104EB1682B1738EF006591A3 /* Release */,
			);
			defaultConfigurationIsVisible = 0;
			defaultConfigurationName = Release;
		};
/* End XCConfigurationList section */

/* Begin XCRemoteSwiftPackageReference section */
		104EB1812B174FF6006591A3 /* XCRemoteSwiftPackageReference "NetworkManager" */ = {
			isa = XCRemoteSwiftPackageReference;
			repositoryURL = "https://github.com/Andria35/NetworkManager.git";
			requirement = {
				branch = main;
				kind = branch;
			};
		};
/* End XCRemoteSwiftPackageReference section */

/* Begin XCSwiftPackageProductDependency section */
		104EB1822B174FF6006591A3 /* NetworkManager */ = {
			isa = XCSwiftPackageProductDependency;
			package = 104EB1812B174FF6006591A3 /* XCRemoteSwiftPackageReference "NetworkManager" */;
			productName = NetworkManager;
		};
/* End XCSwiftPackageProductDependency section */
	};
	rootObject = 104EB14A2B1738EE006591A3 /* Project object */;
}
